
Microsoft Visual Studio Solution File, Format Version 12.00
# Visual Studio Version 17
VisualStudioVersion = 17.1.32407.343
MinimumVisualStudioVersion = 10.0.40219.1
Project("{FAE04EC0-301F-11D3-BF4B-00C04F79EFBC}") = "ImbueSharpen", "ImbueSharpen.csproj", "{C770E809-57B5-42F1-AB79-D99E36F29240}"
EndProject
Global
	GlobalSection(SolutionConfigurationPlatforms) = preSolution
		Debug|Any CPU = Debug|Any CPU
		Release|Any CPU = Release|Any CPU
	EndGlobalSection
	GlobalSection(ProjectConfigurationPlatforms) = postSolution
		{C770E809-57B5-42F1-AB79-D99E36F29240}.Debug|Any CPU.ActiveCfg = Debug|Any CPU
		{C770E809-57B5-42F1-AB79-D99E36F29240}.Debug|Any CPU.Build.0 = Debug|Any CPU
		{C770E809-57B5-42F1-AB79-D99E36F29240}.Release|Any CPU.ActiveCfg = Release|Any CPU
		{C770E809-57B5-42F1-AB79-D99E36F29240}.Release|Any CPU.Build.0 = Release|Any CPU
	EndGlobalSection
	GlobalSection(SolutionProperties) = preSolution
		HideSolutionNode = FALSE
	EndGlobalSection
	GlobalSection(ExtensibilityGlobals) = postSolution
		SolutionGuid = {65D8239F-3AD3-45C9-BEE0-761CB06A5674}
	EndGlobalSection
EndGlobal
